
Microsoft Visual Studio Solution File, Format Version 12.00
# Visual Studio Version 17
VisualStudioVersion = 17.3.32901.215
MinimumVisualStudioVersion = 10.0.40219.1
Project("{9A19103F-16F7-4668-BE54-9A1E7A4F7556}") = "CoreDemo", "CoreDemo\CoreDemo.csproj", "{69CFBA78-8959-4138-AB7F-0BDABA31815D}"
EndProject
Project("{9A19103F-16F7-4668-BE54-9A1E7A4F7556}") = "EntityLayer", "EntityLayer\EntityLayer.csproj", "{A304F06C-B55E-46F5-8AAE-861B5A127A66}"
EndProject
Project("{9A19103F-16F7-4668-BE54-9A1E7A4F7556}") = "DataAccessLayer", "DataAccessLayer\DataAccessLayer.csproj", "{6C844619-55C3-44DF-BB43-4250638E6690}"
EndProject
Project("{9A19103F-16F7-4668-BE54-9A1E7A4F7556}") = "BusinessLayer", "BusinessLayer\BusinessLayer.csproj", "{342D1AD4-B7F7-4568-B2B1-60EB1222F468}"
EndProject
Project("{9A19103F-16F7-4668-BE54-9A1E7A4F7556}") = "CoreLayer", "CoreLayer\CoreLayer.csproj", "{55FF8313-E42B-489F-A5FB-45B870D3A272}"
EndProject
Project("{9A19103F-16F7-4668-BE54-9A1E7A4F7556}") = "BlogApiDemo", "BlogApiDemo\BlogApiDemo.csproj", "{BA41C152-A408-4AEC-990E-1CD9FD1DAC85}"
EndProject
Project("{FAE04EC0-301F-11D3-BF4B-00C04F79EFBC}") = "jwt_core_proje_kampi", "jwt_core_proje_kampi\jwt_core_proje_kampi.csproj", "{28952F0E-0A37-4610-B5A7-C10787BB034F}"
EndProject
Global
	GlobalSection(SolutionConfigurationPlatforms) = preSolution
		Debug|Any CPU = Debug|Any CPU
		Release|Any CPU = Release|Any CPU
	EndGlobalSection
	GlobalSection(ProjectConfigurationPlatforms) = postSolution
		{69CFBA78-8959-4138-AB7F-0BDABA31815D}.Debug|Any CPU.ActiveCfg = Debug|Any CPU
		{69CFBA78-8959-4138-AB7F-0BDABA31815D}.Debug|Any CPU.Build.0 = Debug|Any CPU
		{69CFBA78-8959-4138-AB7F-0BDABA31815D}.Release|Any CPU.ActiveCfg = Release|Any CPU
		{69CFBA78-8959-4138-AB7F-0BDABA31815D}.Release|Any CPU.Build.0 = Release|Any CPU
		{A304F06C-B55E-46F5-8AAE-861B5A127A66}.Debug|Any CPU.ActiveCfg = Debug|Any CPU
		{A304F06C-B55E-46F5-8AAE-861B5A127A66}.Debug|Any CPU.Build.0 = Debug|Any CPU
		{A304F06C-B55E-46F5-8AAE-861B5A127A66}.Release|Any CPU.ActiveCfg = Release|Any CPU
		{A304F06C-B55E-46F5-8AAE-861B5A127A66}.Release|Any CPU.Build.0 = Release|Any CPU
		{6C844619-55C3-44DF-BB43-4250638E6690}.Debug|Any CPU.ActiveCfg = Debug|Any CPU
		{6C844619-55C3-44DF-BB43-4250638E6690}.Debug|Any CPU.Build.0 = Debug|Any CPU
		{6C844619-55C3-44DF-BB43-4250638E6690}.Release|Any CPU.ActiveCfg = Release|Any CPU
		{6C844619-55C3-44DF-BB43-4250638E6690}.Release|Any CPU.Build.0 = Release|Any CPU
		{342D1AD4-B7F7-4568-B2B1-60EB1222F468}.Debug|Any CPU.ActiveCfg = Debug|Any CPU
		{342D1AD4-B7F7-4568-B2B1-60EB1222F468}.Debug|Any CPU.Build.0 = Debug|Any CPU
		{342D1AD4-B7F7-4568-B2B1-60EB1222F468}.Release|Any CPU.ActiveCfg = Release|Any CPU
		{342D1AD4-B7F7-4568-B2B1-60EB1222F468}.Release|Any CPU.Build.0 = Release|Any CPU
		{55FF8313-E42B-489F-A5FB-45B870D3A272}.Debug|Any CPU.ActiveCfg = Debug|Any CPU
		{55FF8313-E42B-489F-A5FB-45B870D3A272}.Debug|Any CPU.Build.0 = Debug|Any CPU
		{55FF8313-E42B-489F-A5FB-45B870D3A272}.Release|Any CPU.ActiveCfg = Release|Any CPU
		{55FF8313-E42B-489F-A5FB-45B870D3A272}.Release|Any CPU.Build.0 = Release|Any CPU
		{BA41C152-A408-4AEC-990E-1CD9FD1DAC85}.Debug|Any CPU.ActiveCfg = Debug|Any CPU
		{BA41C152-A408-4AEC-990E-1CD9FD1DAC85}.Debug|Any CPU.Build.0 = Debug|Any CPU
		{BA41C152-A408-4AEC-990E-1CD9FD1DAC85}.Release|Any CPU.ActiveCfg = Release|Any CPU
		{BA41C152-A408-4AEC-990E-1CD9FD1DAC85}.Release|Any CPU.Build.0 = Release|Any CPU
		{28952F0E-0A37-4610-B5A7-C10787BB034F}.Debug|Any CPU.ActiveCfg = Debug|Any CPU
		{28952F0E-0A37-4610-B5A7-C10787BB034F}.Debug|Any CPU.Build.0 = Debug|Any CPU
		{28952F0E-0A37-4610-B5A7-C10787BB034F}.Release|Any CPU.ActiveCfg = Release|Any CPU
		{28952F0E-0A37-4610-B5A7-C10787BB034F}.Release|Any CPU.Build.0 = Release|Any CPU
	EndGlobalSection
	GlobalSection(SolutionProperties) = preSolution
		HideSolutionNode = FALSE
	EndGlobalSection
	GlobalSection(ExtensibilityGlobals) = postSolution
		SolutionGuid = {47ADA37A-7142-4319-8E5F-CDD437FF8848}
	EndGlobalSection
EndGlobal
